// !$*UTF8*$!
{
	archiveVersion = 1;
	classes = {
	};
	objectVersion = 50;
	objects = {

/* Begin PBXBuildFile section */
		846D257221CA73EE0014A6D7 /* AppDelegate.swift in Sources */ = {isa = PBXBuildFile; fileRef = 846D257121CA73EE0014A6D7 /* AppDelegate.swift */; };
		846D257421CA73EE0014A6D7 /* TravelLocationMapViewController.swift in Sources */ = {isa = PBXBuildFile; fileRef = 846D257321CA73EE0014A6D7 /* TravelLocationMapViewController.swift */; };
		846D257721CA73EE0014A6D7 /* Main.storyboard in Resources */ = {isa = PBXBuildFile; fileRef = 846D257521CA73EE0014A6D7 /* Main.storyboard */; };
		846D257A21CA73EE0014A6D7 /* Virtual_Tourist.xcdatamodeld in Sources */ = {isa = PBXBuildFile; fileRef = 846D257821CA73EE0014A6D7 /* Virtual_Tourist.xcdatamodeld */; };
		846D257C21CA73F00014A6D7 /* Assets.xcassets in Resources */ = {isa = PBXBuildFile; fileRef = 846D257B21CA73F00014A6D7 /* Assets.xcassets */; };
		846D257F21CA73F00014A6D7 /* LaunchScreen.storyboard in Resources */ = {isa = PBXBuildFile; fileRef = 846D257D21CA73F00014A6D7 /* LaunchScreen.storyboard */; };
		846D258821CA78CA0014A6D7 /* PhotoAlbumViewController.swift in Sources */ = {isa = PBXBuildFile; fileRef = 846D258721CA78CA0014A6D7 /* PhotoAlbumViewController.swift */; };
		846D259221CA7B6F0014A6D7 /* Client.swift in Sources */ = {isa = PBXBuildFile; fileRef = 846D259121CA7B6F0014A6D7 /* Client.swift */; };
		846D259621CA7BC50014A6D7 /* Constants.swift in Sources */ = {isa = PBXBuildFile; fileRef = 846D259521CA7BC50014A6D7 /* Constants.swift */; };
		846D259A21CA7BFC0014A6D7 /* LocationDataSource.swift in Sources */ = {isa = PBXBuildFile; fileRef = 846D259921CA7BFC0014A6D7 /* LocationDataSource.swift */; };
		846D259C21CA7C190014A6D7 /* GCDBlackBox.swift in Sources */ = {isa = PBXBuildFile; fileRef = 846D259B21CA7C190014A6D7 /* GCDBlackBox.swift */; };
		846D25A221CC5EF50014A6D7 /* Functions.swift in Sources */ = {isa = PBXBuildFile; fileRef = 846D25A121CC5EF50014A6D7 /* Functions.swift */; };
		846D25A421CD13340014A6D7 /* CollectionViewCell.swift in Sources */ = {isa = PBXBuildFile; fileRef = 846D25A321CD13340014A6D7 /* CollectionViewCell.swift */; };
		846D25A721CFE95C0014A6D7 /* Virtual Tourist.xcdatamodeld in Sources */ = {isa = PBXBuildFile; fileRef = 846D25A521CFE95C0014A6D7 /* Virtual Tourist.xcdatamodeld */; };
		846D25A921CFED190014A6D7 /* DataController.swift in Sources */ = {isa = PBXBuildFile; fileRef = 846D25A821CFED190014A6D7 /* DataController.swift */; };
		846D25AC21D045B60014A6D7 /* Pin+Extentions.swift in Sources */ = {isa = PBXBuildFile; fileRef = 846D25AB21D045B60014A6D7 /* Pin+Extentions.swift */; };
		846D25AE21D046070014A6D7 /* Photo+Extentions.swift in Sources */ = {isa = PBXBuildFile; fileRef = 846D25AD21D046070014A6D7 /* Photo+Extentions.swift */; };
		846D25B021D25DCD0014A6D7 /* LocationInformation.swift in Sources */ = {isa = PBXBuildFile; fileRef = 846D25AF21D25DCD0014A6D7 /* LocationInformation.swift */; };
/* End PBXBuildFile section */

/* Begin PBXFileReference section */
		846D256E21CA73EE0014A6D7 /* Virtual Tourist.app */ = {isa = PBXFileReference; explicitFileType = wrapper.application; includeInIndex = 0; path = "Virtual Tourist.app"; sourceTree = BUILT_PRODUCTS_DIR; };
		846D257121CA73EE0014A6D7 /* AppDelegate.swift */ = {isa = PBXFileReference; lastKnownFileType = sourcecode.swift; path = AppDelegate.swift; sourceTree = "<group>"; };
		846D257321CA73EE0014A6D7 /* TravelLocationMapViewController.swift */ = {isa = PBXFileReference; lastKnownFileType = sourcecode.swift; path = TravelLocationMapViewController.swift; sourceTree = "<group>"; };
		846D257621CA73EE0014A6D7 /* Base */ = {isa = PBXFileReference; lastKnownFileType = file.storyboard; name = Base; path = Base.lproj/Main.storyboard; sourceTree = "<group>"; };
		846D257921CA73EE0014A6D7 /* Virtual_Tourist.xcdatamodel */ = {isa = PBXFileReference; lastKnownFileType = wrapper.xcdatamodel; path = Virtual_Tourist.xcdatamodel; sourceTree = "<group>"; };
		846D257B21CA73F00014A6D7 /* Assets.xcassets */ = {isa = PBXFileReference; lastKnownFileType = folder.assetcatalog; path = Assets.xcassets; sourceTree = "<group>"; };
		846D257E21CA73F00014A6D7 /* Base */ = {isa = PBXFileReference; lastKnownFileType = file.storyboard; name = Base; path = Base.lproj/LaunchScreen.storyboard; sourceTree = "<group>"; };
		846D258021CA73F00014A6D7 /* Info.plist */ = {isa = PBXFileReference; lastKnownFileType = text.plist.xml; path = Info.plist; sourceTree = "<group>"; };
		846D258721CA78CA0014A6D7 /* PhotoAlbumViewController.swift */ = {isa = PBXFileReference; lastKnownFileType = sourcecode.swift; path = PhotoAlbumViewController.swift; sourceTree = "<group>"; };
		846D259121CA7B6F0014A6D7 /* Client.swift */ = {isa = PBXFileReference; lastKnownFileType = sourcecode.swift; path = Client.swift; sourceTree = "<group>"; };
		846D259521CA7BC50014A6D7 /* Constants.swift */ = {isa = PBXFileReference; lastKnownFileType = sourcecode.swift; path = Constants.swift; sourceTree = "<group>"; };
		846D259921CA7BFC0014A6D7 /* LocationDataSource.swift */ = {isa = PBXFileReference; lastKnownFileType = sourcecode.swift; path = LocationDataSource.swift; sourceTree = "<group>"; };
		846D259B21CA7C190014A6D7 /* GCDBlackBox.swift */ = {isa = PBXFileReference; lastKnownFileType = sourcecode.swift; path = GCDBlackBox.swift; sourceTree = "<group>"; };
		846D25A121CC5EF50014A6D7 /* Functions.swift */ = {isa = PBXFileReference; lastKnownFileType = sourcecode.swift; path = Functions.swift; sourceTree = "<group>"; };
		846D25A321CD13340014A6D7 /* CollectionViewCell.swift */ = {isa = PBXFileReference; lastKnownFileType = sourcecode.swift; path = CollectionViewCell.swift; sourceTree = "<group>"; };
		846D25A621CFE95C0014A6D7 /* Virtual Tourist.xcdatamodel */ = {isa = PBXFileReference; lastKnownFileType = wrapper.xcdatamodel; path = "Virtual Tourist.xcdatamodel"; sourceTree = "<group>"; };
		846D25A821CFED190014A6D7 /* DataController.swift */ = {isa = PBXFileReference; lastKnownFileType = sourcecode.swift; path = DataController.swift; sourceTree = "<group>"; };
		846D25AB21D045B60014A6D7 /* Pin+Extentions.swift */ = {isa = PBXFileReference; lastKnownFileType = sourcecode.swift; path = "Pin+Extentions.swift"; sourceTree = "<group>"; };
		846D25AD21D046070014A6D7 /* Photo+Extentions.swift */ = {isa = PBXFileReference; lastKnownFileType = sourcecode.swift; path = "Photo+Extentions.swift"; sourceTree = "<group>"; };
		846D25AF21D25DCD0014A6D7 /* LocationInformation.swift */ = {isa = PBXFileReference; lastKnownFileType = sourcecode.swift; path = LocationInformation.swift; sourceTree = "<group>"; };
/* End PBXFileReference section */

/* Begin PBXFrameworksBuildPhase section */
		846D256B21CA73EE0014A6D7 /* Frameworks */ = {
			isa = PBXFrameworksBuildPhase;
			buildActionMask = 2147483647;
			files = (
			);
			runOnlyForDeploymentPostprocessing = 0;
		};
/* End PBXFrameworksBuildPhase section */

/* Begin PBXGroup section */
		846D256521CA73EE0014A6D7 = {
			isa = PBXGroup;
			children = (
				846D257021CA73EE0014A6D7 /* Virtual Tourist */,
				846D256F21CA73EE0014A6D7 /* Products */,
			);
			sourceTree = "<group>";
		};
		846D256F21CA73EE0014A6D7 /* Products */ = {
			isa = PBXGroup;
			children = (
				846D256E21CA73EE0014A6D7 /* Virtual Tourist.app */,
			);
			name = Products;
			sourceTree = "<group>";
		};
		846D257021CA73EE0014A6D7 /* Virtual Tourist */ = {
			isa = PBXGroup;
			children = (
				846D257121CA73EE0014A6D7 /* AppDelegate.swift */,
				846D259B21CA7C190014A6D7 /* GCDBlackBox.swift */,
				846D258D21CA7B480014A6D7 /* Client */,
				846D258921CA78FB0014A6D7 /* Model */,
				846D258621CA78AC0014A6D7 /* ViewController */,
				846D257521CA73EE0014A6D7 /* Main.storyboard */,
				846D257B21CA73F00014A6D7 /* Assets.xcassets */,
				846D257D21CA73F00014A6D7 /* LaunchScreen.storyboard */,
				846D258021CA73F00014A6D7 /* Info.plist */,
				846D257821CA73EE0014A6D7 /* Virtual_Tourist.xcdatamodeld */,
			);
			path = "Virtual Tourist";
			sourceTree = "<group>";
		};
		846D258621CA78AC0014A6D7 /* ViewController */ = {
			isa = PBXGroup;
			children = (
				846D257321CA73EE0014A6D7 /* TravelLocationMapViewController.swift */,
				846D258721CA78CA0014A6D7 /* PhotoAlbumViewController.swift */,
				846D25A321CD13340014A6D7 /* CollectionViewCell.swift */,
			);
			path = ViewController;
			sourceTree = "<group>";
		};
		846D258921CA78FB0014A6D7 /* Model */ = {
			isa = PBXGroup;
			children = (
				846D25AA21D0457F0014A6D7 /* Managed Object Extensions */,
				846D25A521CFE95C0014A6D7 /* Virtual Tourist.xcdatamodeld */,
				846D25A821CFED190014A6D7 /* DataController.swift */,
			);
			path = Model;
			sourceTree = "<group>";
		};
		846D258D21CA7B480014A6D7 /* Client */ = {
			isa = PBXGroup;
			children = (
				846D259521CA7BC50014A6D7 /* Constants.swift */,
				846D259121CA7B6F0014A6D7 /* Client.swift */,
				846D25A121CC5EF50014A6D7 /* Functions.swift */,
				846D259921CA7BFC0014A6D7 /* LocationDataSource.swift */,
				846D25AF21D25DCD0014A6D7 /* LocationInformation.swift */,
			);
			path = Client;
			sourceTree = "<group>";
		};
		846D25AA21D0457F0014A6D7 /* Managed Object Extensions */ = {
			isa = PBXGroup;
			children = (
				846D25AB21D045B60014A6D7 /* Pin+Extentions.swift */,
				846D25AD21D046070014A6D7 /* Photo+Extentions.swift */,
			);
			path = "Managed Object Extensions";
			sourceTree = "<group>";
		};
/* End PBXGroup section */

/* Begin PBXNativeTarget section */
		846D256D21CA73EE0014A6D7 /* Virtual Tourist */ = {
			isa = PBXNativeTarget;
			buildConfigurationList = 846D258321CA73F00014A6D7 /* Build configuration list for PBXNativeTarget "Virtual Tourist" */;
			buildPhases = (
				846D256A21CA73EE0014A6D7 /* Sources */,
				846D256B21CA73EE0014A6D7 /* Frameworks */,
				846D256C21CA73EE0014A6D7 /* Resources */,
			);
			buildRules = (
			);
			dependencies = (
			);
			name = "Virtual Tourist";
			productName = "Virtual Tourist";
			productReference = 846D256E21CA73EE0014A6D7 /* Virtual Tourist.app */;
			productType = "com.apple.product-type.application";
		};
/* End PBXNativeTarget section */

/* Begin PBXProject section */
		846D256621CA73EE0014A6D7 /* Project object */ = {
			isa = PBXProject;
			attributes = {
				LastSwiftUpdateCheck = 1010;
				LastUpgradeCheck = 1010;
				ORGANIZATIONNAME = "Malik Basalamah";
				TargetAttributes = {
					846D256D21CA73EE0014A6D7 = {
						CreatedOnToolsVersion = 10.1;
					};
				};
			};
			buildConfigurationList = 846D256921CA73EE0014A6D7 /* Build configuration list for PBXProject "Virtual Tourist" */;
			compatibilityVersion = "Xcode 9.3";
			developmentRegion = en;
			hasScannedForEncodings = 0;
			knownRegions = (
				en,
				Base,
			);
			mainGroup = 846D256521CA73EE0014A6D7;
			productRefGroup = 846D256F21CA73EE0014A6D7 /* Products */;
			projectDirPath = "";
			projectRoot = "";
			targets = (
				846D256D21CA73EE0014A6D7 /* Virtual Tourist */,
			);
		};
/* End PBXProject section */

/* Begin PBXResourcesBuildPhase section */
		846D256C21CA73EE0014A6D7 /* Resources */ = {
			isa = PBXResourcesBuildPhase;
			buildActionMask = 2147483647;
			files = (
				846D257F21CA73F00014A6D7 /* LaunchScreen.storyboard in Resources */,
				846D257C21CA73F00014A6D7 /* Assets.xcassets in Resources */,
				846D257721CA73EE0014A6D7 /* Main.storyboard in Resources */,
			);
			runOnlyForDeploymentPostprocessing = 0;
		};
/* End PBXResourcesBuildPhase section */

/* Begin PBXSourcesBuildPhase section */
		846D256A21CA73EE0014A6D7 /* Sources */ = {
			isa = PBXSourcesBuildPhase;
			buildActionMask = 2147483647;
			files = (
				846D259621CA7BC50014A6D7 /* Constants.swift in Sources */,
				846D25B021D25DCD0014A6D7 /* LocationInformation.swift in Sources */,
				846D25A721CFE95C0014A6D7 /* Virtual Tourist.xcdatamodeld in Sources */,
				846D257421CA73EE0014A6D7 /* TravelLocationMapViewController.swift in Sources */,
				846D257A21CA73EE0014A6D7 /* Virtual_Tourist.xcdatamodeld in Sources */,
				846D25A221CC5EF50014A6D7 /* Functions.swift in Sources */,
				846D25AC21D045B60014A6D7 /* Pin+Extentions.swift in Sources */,
				846D25AE21D046070014A6D7 /* Photo+Extentions.swift in Sources */,
				846D259C21CA7C190014A6D7 /* GCDBlackBox.swift in Sources */,
				846D257221CA73EE0014A6D7 /* AppDelegate.swift in Sources */,
				846D259A21CA7BFC0014A6D7 /* LocationDataSource.swift in Sources */,
				846D259221CA7B6F0014A6D7 /* Client.swift in Sources */,
				846D258821CA78CA0014A6D7 /* PhotoAlbumViewController.swift in Sources */,
				846D25A921CFED190014A6D7 /* DataController.swift in Sources */,
				846D25A421CD13340014A6D7 /* CollectionViewCell.swift in Sources */,
			);
			runOnlyForDeploymentPostprocessing = 0;
		};
/* End PBXSourcesBuildPhase section */

/* Begin PBXVariantGroup section */
		846D257521CA73EE0014A6D7 /* Main.storyboard */ = {
			isa = PBXVariantGroup;
			children = (
				846D257621CA73EE0014A6D7 /* Base */,
			);
			name = Main.storyboard;
			sourceTree = "<group>";
		};
		846D257D21CA73F00014A6D7 /* LaunchScreen.storyboard */ = {
			isa = PBXVariantGroup;
			children = (
				846D257E21CA73F00014A6D7 /* Base */,
			);
			name = LaunchScreen.storyboard;
			sourceTree = "<group>";
		};
/* End PBXVariantGroup section */

/* Begin XCBuildConfiguration section */
		846D258121CA73F00014A6D7 /* Debug */ = {
			isa = XCBuildConfiguration;
			buildSettings = {
				ALWAYS_SEARCH_USER_PATHS = NO;
				CLANG_ANALYZER_NONNULL = YES;
				CLANG_ANALYZER_NUMBER_OBJECT_CONVERSION = YES_AGGRESSIVE;
				CLANG_CXX_LANGUAGE_STANDARD = "gnu++14";
				CLANG_CXX_LIBRARY = "libc++";
				CLANG_ENABLE_MODULES = YES;
				CLANG_ENABLE_OBJC_ARC = YES;
				CLANG_ENABLE_OBJC_WEAK = YES;
				CLANG_WARN_BLOCK_CAPTURE_AUTORELEASING = YES;
				CLANG_WARN_BOOL_CONVERSION = YES;
				CLANG_WARN_COMMA = YES;
				CLANG_WARN_CONSTANT_CONVERSION = YES;
				CLANG_WARN_DEPRECATED_OBJC_IMPLEMENTATIONS = YES;
				CLANG_WARN_DIRECT_OBJC_ISA_USAGE = YES_ERROR;
				CLANG_WARN_DOCUMENTATION_COMMENTS = YES;
				CLANG_WARN_EMPTY_BODY = YES;
				CLANG_WARN_ENUM_CONVERSION = YES;
				CLANG_WARN_INFINITE_RECURSION = YES;
				CLANG_WARN_INT_CONVERSION = YES;
				CLANG_WARN_NON_LITERAL_NULL_CONVERSION = YES;
				CLANG_WARN_OBJC_IMPLICIT_RETAIN_SELF = YES;
				CLANG_WARN_OBJC_LITERAL_CONVERSION = YES;
				CLANG_WARN_OBJC_ROOT_CLASS = YES_ERROR;
				CLANG_WARN_RANGE_LOOP_ANALYSIS = YES;
				CLANG_WARN_STRICT_PROTOTYPES = YES;
				CLANG_WARN_SUSPICIOUS_MOVE = YES;
				CLANG_WARN_UNGUARDED_AVAILABILITY = YES_AGGRESSIVE;
				CLANG_WARN_UNREACHABLE_CODE = YES;
				CLANG_WARN__DUPLICATE_METHOD_MATCH = YES;
				CODE_SIGN_IDENTITY = "iPhone Developer";
				COPY_PHASE_STRIP = NO;
				DEBUG_INFORMATION_FORMAT = dwarf;
				ENABLE_STRICT_OBJC_MSGSEND = YES;
				ENABLE_TESTABILITY = YES;
				GCC_C_LANGUAGE_STANDARD = gnu11;
				GCC_DYNAMIC_NO_PIC = NO;
				GCC_NO_COMMON_BLOCKS = YES;
				GCC_OPTIMIZATION_LEVEL = 0;
				GCC_PREPROCESSOR_DEFINITIONS = (
					"DEBUG=1",
					"$(inherited)",
				);
				GCC_WARN_64_TO_32_BIT_CONVERSION = YES;
				GCC_WARN_ABOUT_RETURN_TYPE = YES_ERROR;
				GCC_WARN_UNDECLARED_SELECTOR = YES;
				GCC_WARN_UNINITIALIZED_AUTOS = YES_AGGRESSIVE;
				GCC_WARN_UNUSED_FUNCTION = YES;
				GCC_WARN_UNUSED_VARIABLE = YES;
				IPHONEOS_DEPLOYMENT_TARGET = 12.1;
				MTL_ENABLE_DEBUG_INFO = INCLUDE_SOURCE;
				MTL_FAST_MATH = YES;
				ONLY_ACTIVE_ARCH = YES;
				SDKROOT = iphoneos;
				SWIFT_ACTIVE_COMPILATION_CONDITIONS = DEBUG;
				SWIFT_OPTIMIZATION_LEVEL = "-Onone";
			};
			name = Debug;
		};
		846D258221CA73F00014A6D7 /* Release */ = {
			isa = XCBuildConfiguration;
			buildSettings = {
				ALWAYS_SEARCH_USER_PATHS = NO;
				CLANG_ANALYZER_NONNULL = YES;
				CLANG_ANALYZER_NUMBER_OBJECT_CONVERSION = YES_AGGRESSIVE;
				CLANG_CXX_LANGUAGE_STANDARD = "gnu++14";
				CLANG_CXX_LIBRARY = "libc++";
				CLANG_ENABLE_MODULES = YES;
				CLANG_ENABLE_OBJC_ARC = YES;
				CLANG_ENABLE_OBJC_WEAK = YES;
				CLANG_WARN_BLOCK_CAPTURE_AUTORELEASING = YES;
				CLANG_WARN_BOOL_CONVERSION = YES;
				CLANG_WARN_COMMA = YES;
				CLANG_WARN_CONSTANT_CONVERSION = YES;
				CLANG_WARN_DEPRECATED_OBJC_IMPLEMENTATIONS = YES;
				CLANG_WARN_DIRECT_OBJC_ISA_USAGE = YES_ERROR;
				CLANG_WARN_DOCUMENTATION_COMMENTS = YES;
				CLANG_WARN_EMPTY_BODY = YES;
				CLANG_WARN_ENUM_CONVERSION = YES;
				CLANG_WARN_INFINITE_RECURSION = YES;
				CLANG_WARN_INT_CONVERSION = YES;
				CLANG_WARN_NON_LITERAL_NULL_CONVERSION = YES;
				CLANG_WARN_OBJC_IMPLICIT_RETAIN_SELF = YES;
				CLANG_WARN_OBJC_LITERAL_CONVERSION = YES;
				CLANG_WARN_OBJC_ROOT_CLASS = YES_ERROR;
				CLANG_WARN_RANGE_LOOP_ANALYSIS = YES;
				CLANG_WARN_STRICT_PROTOTYPES = YES;
				CLANG_WARN_SUSPICIOUS_MOVE = YES;
				CLANG_WARN_UNGUARDED_AVAILABILITY = YES_AGGRESSIVE;
				CLANG_WARN_UNREACHABLE_CODE = YES;
				CLANG_WARN__DUPLICATE_METHOD_MATCH = YES;
				CODE_SIGN_IDENTITY = "iPhone Developer";
				COPY_PHASE_STRIP = NO;
				DEBUG_INFORMATION_FORMAT = "dwarf-with-dsym";
				ENABLE_NS_ASSERTIONS = NO;
				ENABLE_STRICT_OBJC_MSGSEND = YES;
				GCC_C_LANGUAGE_STANDARD = gnu11;
				GCC_NO_COMMON_BLOCKS = YES;
				GCC_WARN_64_TO_32_BIT_CONVERSION = YES;
				GCC_WARN_ABOUT_RETURN_TYPE = YES_ERROR;
				GCC_WARN_UNDECLARED_SELECTOR = YES;
				GCC_WARN_UNINITIALIZED_AUTOS = YES_AGGRESSIVE;
				GCC_WARN_UNUSED_FUNCTION = YES;
				GCC_WARN_UNUSED_VARIABLE = YES;
				IPHONEOS_DEPLOYMENT_TARGET = 12.1;
				MTL_ENABLE_DEBUG_INFO = NO;
				MTL_FAST_MATH = YES;
				SDKROOT = iphoneos;
				SWIFT_COMPILATION_MODE = wholemodule;
				SWIFT_OPTIMIZATION_LEVEL = "-O";
				VALIDATE_PRODUCT = YES;
			};
			name = Release;
		};
		846D258421CA73F00014A6D7 /* Debug */ = {
			isa = XCBuildConfiguration;
			buildSettings = {
				ASSETCATALOG_COMPILER_APPICON_NAME = AppIcon;
				CODE_SIGN_STYLE = Automatic;
				DEVELOPMENT_TEAM = V66N4NB4B9;
				INFOPLIST_FILE = "Virtual Tourist/Info.plist";
				LD_RUNPATH_SEARCH_PATHS = (
					"$(inherited)",
					"@executable_path/Frameworks",
				);
				PRODUCT_BUNDLE_IDENTIFIER = "com.bmalik.Virtual-Tourist";
				PRODUCT_NAME = "$(TARGET_NAME)";
				SWIFT_VERSION = 4.2;
				TARGETED_DEVICE_FAMILY = "1,2";
			};
			name = Debug;
		};
		846D258521CA73F00014A6D7 /* Release */ = {
			isa = XCBuildConfiguration;
			buildSettings = {
				ASSETCATALOG_COMPILER_APPICON_NAME = AppIcon;
				CODE_SIGN_STYLE = Automatic;
				DEVELOPMENT_TEAM = V66N4NB4B9;
				INFOPLIST_FILE = "Virtual Tourist/Info.plist";
				LD_RUNPATH_SEARCH_PATHS = (
					"$(inherited)",
					"@executable_path/Frameworks",
				);
				PRODUCT_BUNDLE_IDENTIFIER = "com.bmalik.Virtual-Tourist";
				PRODUCT_NAME = "$(TARGET_NAME)";
				SWIFT_VERSION = 4.2;
				TARGETED_DEVICE_FAMILY = "1,2";
			};
			name = Release;
		};
/* End XCBuildConfiguration section */

/* Begin XCConfigurationList section */
		846D256921CA73EE0014A6D7 /* Build configuration list for PBXProject "Virtual Tourist" */ = {
			isa = XCConfigurationList;
			buildConfigurations = (
				846D258121CA73F00014A6D7 /* Debug */,
				846D258221CA73F00014A6D7 /* Release */,
			);
			defaultConfigurationIsVisible = 0;
			defaultConfigurationName = Release;
		};
		846D258321CA73F00014A6D7 /* Build configuration list for PBXNativeTarget "Virtual Tourist" */ = {
			isa = XCConfigurationList;
			buildConfigurations = (
				846D258421CA73F00014A6D7 /* Debug */,
				846D258521CA73F00014A6D7 /* Release */,
			);
			defaultConfigurationIsVisible = 0;
			defaultConfigurationName = Release;
		};
/* End XCConfigurationList section */

/* Begin XCVersionGroup section */
		846D257821CA73EE0014A6D7 /* Virtual_Tourist.xcdatamodeld */ = {
			isa = XCVersionGroup;
			children = (
				846D257921CA73EE0014A6D7 /* Virtual_Tourist.xcdatamodel */,
			);
			currentVersion = 846D257921CA73EE0014A6D7 /* Virtual_Tourist.xcdatamodel */;
			path = Virtual_Tourist.xcdatamodeld;
			sourceTree = "<group>";
			versionGroupType = wrapper.xcdatamodel;
		};
		846D25A521CFE95C0014A6D7 /* Virtual Tourist.xcdatamodeld */ = {
			isa = XCVersionGroup;
			children = (
				846D25A621CFE95C0014A6D7 /* Virtual Tourist.xcdatamodel */,
			);
			currentVersion = 846D25A621CFE95C0014A6D7 /* Virtual Tourist.xcdatamodel */;
			path = "Virtual Tourist.xcdatamodeld";
			sourceTree = "<group>";
			versionGroupType = wrapper.xcdatamodel;
		};
/* End XCVersionGroup section */
	};
	rootObject = 846D256621CA73EE0014A6D7 /* Project object */;
}
